PODS:
  - GLView (1.6.2)
  - React (0.42.3):
    - React/Core (= 0.42.3)
  - React/Core (0.42.3):
    - React/cxxreact
    - Yoga (= 0.42.3.React)
  - React/cxxreact (0.42.3):
    - React/jschelpers
  - React/jschelpers (0.42.3)
  - React/RCTActionSheet (0.42.3):
    - React/Core
  - React/RCTAnimation (0.42.3):
    - React/Core
  - React/RCTGeolocation (0.42.3):
    - React/Core
  - React/RCTImage (0.42.3):
    - React/Core
    - React/RCTNetwork
  - React/RCTLinkingIOS (0.42.3):
    - React/Core
  - React/RCTNetwork (0.42.3):
    - React/Core
  - React/RCTSettings (0.42.3):
    - React/Core
  - React/RCTText (0.42.3):
    - React/Core
  - React/RCTVibration (0.42.3):
    - React/Core
  - React/RCTWebSocket (0.42.3):
    - React/Core
  - RNGLModelView (1.0.0):
    - GLView
    - React
  - Yoga (0.42.3.React)

DEPENDENCIES:
  - React/Core (from `../node_modules/react-native`)
  - React/RCTActionSheet (from `../node_modules/react-native`)
  - React/RCTAnimation (from `../node_modules/react-native`)
  - React/RCTGeolocation (from `../node_modules/react-native`)
  - React/RCTImage (from `../node_modules/react-native`)
  - React/RCTLinkingIOS (from `../node_modules/react-native`)
  - React/RCTNetwork (from `../node_modules/react-native`)
  - React/RCTSettings (from `../node_modules/react-native`)
  - React/RCTText (from `../node_modules/react-native`)
  - React/RCTVibration (from `../node_modules/react-native`)
  - React/RCTWebSocket (from `../node_modules/react-native`)
  - RNGLModelView (from `../../ios`)
  - Yoga (from `../node_modules/react-native/ReactCommon/yoga`)

EXTERNAL SOURCES:
  React:
    :path: ../node_modules/react-native
  RNGLModelView:
    :path: ../../ios
  Yoga:
    :path: ../node_modules/react-native/ReactCommon/yoga

SPEC CHECKSUMS:
  GLView: 1b8cc99b342f88460137dbddd447f0bf55fb1a02
  React: 35e039680feacd0563677d49ba410112d2748559
  RNGLModelView: 99ae7d209c969e4056243207a5ab79f3d3b4d786
  Yoga: 86ce777665c8259b94ef8dbea76b84634237f4ea

PODFILE CHECKSUM: 51c69c69e015b8c56ae7ae5db74119ae411b9c43

COCOAPODS: 1.2.0
